
Microsoft Visual Studio Solution File, Format Version 12.00
# Visual Studio Version 16
VisualStudioVersion = 16.0.31624.102
MinimumVisualStudioVersion = 10.0.40219.1
Project("{FAE04EC0-301F-11D3-BF4B-00C04F79EFBC}") = "CipherConsole", "CipherConsole\CipherConsole.csproj", "{132AA384-732E-4227-9806-DA043C65E5BE}"
EndProject
Global
	GlobalSection(SolutionConfigurationPlatforms) = preSolution
		Debug|Any CPU = Debug|Any CPU
		Release|Any CPU = Release|Any CPU
	EndGlobalSection
	GlobalSection(ProjectConfigurationPlatforms) = postSolution
		{132AA384-732E-4227-9806-DA043C65E5BE}.Debug|Any CPU.ActiveCfg = Debug|Any CPU
		{132AA384-732E-4227-9806-DA043C65E5BE}.Debug|Any CPU.Build.0 = Debug|Any CPU
		{132AA384-732E-4227-9806-DA043C65E5BE}.Release|Any CPU.ActiveCfg = Release|Any CPU
		{132AA384-732E-4227-9806-DA043C65E5BE}.Release|Any CPU.Build.0 = Release|Any CPU
	EndGlobalSection
	GlobalSection(SolutionProperties) = preSolution
		HideSolutionNode = FALSE
	EndGlobalSection
	GlobalSection(ExtensibilityGlobals) = postSolution
		SolutionGuid = {72BDB868-5BC2-4999-A77D-F55546554D4A}
	EndGlobalSection
EndGlobal
